
Microsoft Visual Studio Solution File, Format Version 12.00
# Visual Studio Version 16
VisualStudioVersion = 16.0.31624.102
MinimumVisualStudioVersion = 10.0.40219.1
Project("{9A19103F-16F7-4668-BE54-9A1E7A4F7556}") = "tec-vrc-bot", "tec-vrc-bot.csproj", "{00BCD151-111E-440D-8097-5011E2118598}"
EndProject
Global
	GlobalSection(SolutionConfigurationPlatforms) = preSolution
		Debug|Any CPU = Debug|Any CPU
		Release|Any CPU = Release|Any CPU
	EndGlobalSection
	GlobalSection(ProjectConfigurationPlatforms) = postSolution
		{00BCD151-111E-440D-8097-5011E2118598}.Debug|Any CPU.ActiveCfg = Debug|Any CPU
		{00BCD151-111E-440D-8097-5011E2118598}.Debug|Any CPU.Build.0 = Debug|Any CPU
		{00BCD151-111E-440D-8097-5011E2118598}.Release|Any CPU.ActiveCfg = Release|Any CPU
		{00BCD151-111E-440D-8097-5011E2118598}.Release|Any CPU.Build.0 = Release|Any CPU
	EndGlobalSection
	GlobalSection(SolutionProperties) = preSolution
		HideSolutionNode = FALSE
	EndGlobalSection
	GlobalSection(ExtensibilityGlobals) = postSolution
		SolutionGuid = {1D91821F-64E2-42BE-AC16-0238E95DFB8B}
	EndGlobalSection
EndGlobal
